
Microsoft Visual Studio Solution File, Format Version 12.00
# Visual Studio Version 16
VisualStudioVersion = 16.0.31613.86
MinimumVisualStudioVersion = 10.0.40219.1
Project("{FAE04EC0-301F-11D3-BF4B-00C04F79EFBC}") = "StoreManagement", "StoreManagement\StoreManagement.csproj", "{B37A995B-9D6A-468F-A442-30D0A652E8CF}"
EndProject
Global
	GlobalSection(SolutionConfigurationPlatforms) = preSolution
		Debug|Any CPU = Debug|Any CPU
		Release|Any CPU = Release|Any CPU
	EndGlobalSection
	GlobalSection(ProjectConfigurationPlatforms) = postSolution
		{B37A995B-9D6A-468F-A442-30D0A652E8CF}.Debug|Any CPU.ActiveCfg = Debug|Any CPU
		{B37A995B-9D6A-468F-A442-30D0A652E8CF}.Debug|Any CPU.Build.0 = Debug|Any CPU
		{B37A995B-9D6A-468F-A442-30D0A652E8CF}.Release|Any CPU.ActiveCfg = Release|Any CPU
		{B37A995B-9D6A-468F-A442-30D0A652E8CF}.Release|Any CPU.Build.0 = Release|Any CPU
	EndGlobalSection
	GlobalSection(SolutionProperties) = preSolution
		HideSolutionNode = FALSE
	EndGlobalSection
	GlobalSection(ExtensibilityGlobals) = postSolution
		SolutionGuid = {B5EE32EB-43C7-4BF5-BC16-E444ABD62F7B}
	EndGlobalSection
EndGlobal
